
Microsoft Visual Studio Solution File, Format Version 12.00
# Visual Studio 15
VisualStudioVersion = 15.0.28010.2016
MinimumVisualStudioVersion = 10.0.40219.1
Project("{FAE04EC0-301F-11D3-BF4B-00C04F79EFBC}") = "AlexDarienneTimeSheet", "AlexDarienneTimeSheet\AlexDarienneTimeSheet.csproj", "{623D74A4-11EE-4B3D-9257-583E3287278C}"
EndProject
Project("{FAE04EC0-301F-11D3-BF4B-00C04F79EFBC}") = "TimeSheet.Models", "TimeSheet.Models\TimeSheet.Models.csproj", "{0F655609-AB5F-446C-A3D7-4F6715B90DB9}"
EndProject
Project("{FAE04EC0-301F-11D3-BF4B-00C04F79EFBC}") = "TimeSheet.Tests", "TimeSheet.Tests\TimeSheet.Tests.csproj", "{8973D22B-AA04-47DC-B436-65805170E10E}"
EndProject
Global
	GlobalSection(SolutionConfigurationPlatforms) = preSolution
		Debug|Any CPU = Debug|Any CPU
		Release|Any CPU = Release|Any CPU
	EndGlobalSection
	GlobalSection(ProjectConfigurationPlatforms) = postSolution
		{623D74A4-11EE-4B3D-9257-583E3287278C}.Debug|Any CPU.ActiveCfg = Debug|Any CPU
		{623D74A4-11EE-4B3D-9257-583E3287278C}.Debug|Any CPU.Build.0 = Debug|Any CPU
		{623D74A4-11EE-4B3D-9257-583E3287278C}.Release|Any CPU.ActiveCfg = Release|Any CPU
		{623D74A4-11EE-4B3D-9257-583E3287278C}.Release|Any CPU.Build.0 = Release|Any CPU
		{0F655609-AB5F-446C-A3D7-4F6715B90DB9}.Debug|Any CPU.ActiveCfg = Debug|Any CPU
		{0F655609-AB5F-446C-A3D7-4F6715B90DB9}.Debug|Any CPU.Build.0 = Debug|Any CPU
		{0F655609-AB5F-446C-A3D7-4F6715B90DB9}.Release|Any CPU.ActiveCfg = Release|Any CPU
		{0F655609-AB5F-446C-A3D7-4F6715B90DB9}.Release|Any CPU.Build.0 = Release|Any CPU
		{8973D22B-AA04-47DC-B436-65805170E10E}.Debug|Any CPU.ActiveCfg = Debug|Any CPU
		{8973D22B-AA04-47DC-B436-65805170E10E}.Debug|Any CPU.Build.0 = Debug|Any CPU
		{8973D22B-AA04-47DC-B436-65805170E10E}.Release|Any CPU.ActiveCfg = Release|Any CPU
		{8973D22B-AA04-47DC-B436-65805170E10E}.Release|Any CPU.Build.0 = Release|Any CPU
	EndGlobalSection
	GlobalSection(SolutionProperties) = preSolution
		HideSolutionNode = FALSE
	EndGlobalSection
	GlobalSection(ExtensibilityGlobals) = postSolution
		SolutionGuid = {27594F01-1DD5-4668-B65A-F1F926F19F01}
	EndGlobalSection
EndGlobal
